// !$*UTF8*$!
{
	archiveVersion = 1;
	classes = {
	};
	objectVersion = 56;
	objects = {

/* Begin PBXBuildFile section */
		A20CE5ED2F5B35B100C3A9DD /* PrivateOrganizerApp.swift in Sources */ = {isa = PBXBuildFile; fileRef = A20CE5EC2F5B35B100C3A9DD /* PrivateOrganizerApp.swift */; };
		A20CE5EF2F5B35B700C3A9DD /* Models.swift in Sources */ = {isa = PBXBuildFile; fileRef = A20CE5EE2F5B35B700C3A9DD /* Models.swift */; };
		A20CE5F12F5B370B00C3A9DD /* MainTabView.swift in Sources */ = {isa = PBXBuildFile; fileRef = A20CE5F02F5B370B00C3A9DD /* MainTabView.swift */; };
		A20CE5F32F5B371200C3A9DD /* AppLockView.swift in Sources */ = {isa = PBXBuildFile; fileRef = A20CE5F22F5B371200C3A9DD /* AppLockView.swift */; };
		A20CE5F52F5B3BF900C3A9DD /* DashboardView.swift in Sources */ = {isa = PBXBuildFile; fileRef = A20CE5F42F5B3BEF00C3A9DD /* DashboardView.swift */; };
		A20CE5F72F5B3C2600C3A9DD /* NewTaskView.swift in Sources */ = {isa = PBXBuildFile; fileRef = A20CE5F62F5B3C2000C3A9DD /* NewTaskView.swift */; };
		A20CE5F92F5B3C3700C3A9DD /* PrivacyDashboardView.swift in Sources */ = {isa = PBXBuildFile; fileRef = A20CE5F82F5B3C3000C3A9DD /* PrivacyDashboardView.swift */; };
		A20CE5FD2F5B3C6300C3A9DD /* StorageView.swift in Sources */ = {isa = PBXBuildFile; fileRef = A20CE5FC2F5B3C5C00C3A9DD /* StorageView.swift */; };
		A20CE5FF2F5B3C7300C3A9DD /* TrackingView.swift in Sources */ = {isa = PBXBuildFile; fileRef = A20CE5FE2F5B3C6C00C3A9DD /* TrackingView.swift */; };
		A20CE6012F5B3C8300C3A9DD /* PermissionsView.swift in Sources */ = {isa = PBXBuildFile; fileRef = A20CE6002F5B3C7B00C3A9DD /* PermissionsView.swift */; };
		A20CE6032F5B3C9100C3A9DD /* ExportDataView.swift in Sources */ = {isa = PBXBuildFile; fileRef = A20CE6022F5B3C9000C3A9DD /* ExportDataView.swift */; };
		A20CE6052F5B3CA000C3A9DD /* SettingsView.swift in Sources */ = {isa = PBXBuildFile; fileRef = A20CE6042F5B3C9F00C3A9DD /* SettingsView.swift */; };
		A20CE6082F5B406700C3A9DD /* CalendarView.swift in Sources */ = {isa = PBXBuildFile; fileRef = A20CE6072F5B406200C3A9DD /* CalendarView.swift */; };
		A20CE60A2F5B45DC00C3A9DD /* HomeView.swift in Sources */ = {isa = PBXBuildFile; fileRef = A20CE6092F5B45D700C3A9DD /* HomeView.swift */; };
		A20CE60C2F5B462E00C3A9DD /* UIComponents.swift in Sources */ = {isa = PBXBuildFile; fileRef = A20CE60B2F5B462500C3A9DD /* UIComponents.swift */; };
		A247EC522F572F8500DAB4FF /* LockInApp.swift in Sources */ = {isa = PBXBuildFile; fileRef = A247EC512F572F8500DAB4FF /* LockInApp.swift */; };
		A247EC562F572F8600DAB4FF /* Assets.xcassets in Resources */ = {isa = PBXBuildFile; fileRef = A247EC552F572F8600DAB4FF /* Assets.xcassets */; };
		A247EC592F572F8600DAB4FF /* Preview Assets.xcassets in Resources */ = {isa = PBXBuildFile; fileRef = A247EC582F572F8600DAB4FF /* Preview Assets.xcassets */; };
		A2AB095F2F84DB6400A858B1 /* TaskDetailView.swift in Sources */ = {isa = PBXBuildFile; fileRef = A2AB095E2F84DB6400A858B1 /* TaskDetailView.swift */; };
/* End PBXBuildFile section */

/* Begin PBXFileReference section */
		A20CE5EC2F5B35B100C3A9DD /* PrivateOrganizerApp.swift */ = {isa = PBXFileReference; lastKnownFileType = sourcecode.swift; path = PrivateOrganizerApp.swift; sourceTree = "<group>"; };
		A20CE5EE2F5B35B700C3A9DD /* Models.swift */ = {isa = PBXFileReference; lastKnownFileType = sourcecode.swift; path = Models.swift; sourceTree = "<group>"; };
		A20CE5F02F5B370B00C3A9DD /* MainTabView.swift */ = {isa = PBXFileReference; lastKnownFileType = sourcecode.swift; path = MainTabView.swift; sourceTree = "<group>"; };
		A20CE5F22F5B371200C3A9DD /* AppLockView.swift */ = {isa = PBXFileReference; lastKnownFileType = sourcecode.swift; path = AppLockView.swift; sourceTree = "<group>"; };
		A20CE5F42F5B3BEF00C3A9DD /* DashboardView.swift */ = {isa = PBXFileReference; lastKnownFileType = sourcecode.swift; path = DashboardView.swift; sourceTree = "<group>"; };
		A20CE5F62F5B3C2000C3A9DD /* NewTaskView.swift */ = {isa = PBXFileReference; lastKnownFileType = sourcecode.swift; path = NewTaskView.swift; sourceTree = "<group>"; };
		A20CE5F82F5B3C3000C3A9DD /* PrivacyDashboardView.swift */ = {isa = PBXFileReference; lastKnownFileType = sourcecode.swift; path = PrivacyDashboardView.swift; sourceTree = "<group>"; };
		A20CE5FC2F5B3C5C00C3A9DD /* StorageView.swift */ = {isa = PBXFileReference; lastKnownFileType = sourcecode.swift; path = StorageView.swift; sourceTree = "<group>"; };
		A20CE5FE2F5B3C6C00C3A9DD /* TrackingView.swift */ = {isa = PBXFileReference; lastKnownFileType = sourcecode.swift; path = TrackingView.swift; sourceTree = "<group>"; };
		A20CE6002F5B3C7B00C3A9DD /* PermissionsView.swift */ = {isa = PBXFileReference; lastKnownFileType = sourcecode.swift; path = PermissionsView.swift; sourceTree = "<group>"; };
		A20CE6022F5B3C9000C3A9DD /* ExportDataView.swift */ = {isa = PBXFileReference; lastKnownFileType = sourcecode.swift; path = ExportDataView.swift; sourceTree = "<group>"; };
		A20CE6042F5B3C9F00C3A9DD /* SettingsView.swift */ = {isa = PBXFileReference; lastKnownFileType = sourcecode.swift; path = SettingsView.swift; sourceTree = "<group>"; };
		A20CE6062F5B3E0A00C3A9DD /* LockIn.app */ = {isa = PBXFileReference; explicitFileType = wrapper.application; includeInIndex = 0; path = LockIn.app; sourceTree = BUILT_PRODUCTS_DIR; };
		A20CE6072F5B406200C3A9DD /* CalendarView.swift */ = {isa = PBXFileReference; lastKnownFileType = sourcecode.swift; path = CalendarView.swift; sourceTree = "<group>"; };
		A20CE6092F5B45D700C3A9DD /* HomeView.swift */ = {isa = PBXFileReference; lastKnownFileType = sourcecode.swift; path = HomeView.swift; sourceTree = "<group>"; };
		A20CE60B2F5B462500C3A9DD /* UIComponents.swift */ = {isa = PBXFileReference; lastKnownFileType = sourcecode.swift; path = UIComponents.swift; sourceTree = "<group>"; };
		A247EC512F572F8500DAB4FF /* LockInApp.swift */ = {isa = PBXFileReference; lastKnownFileType = sourcecode.swift; path = LockInApp.swift; sourceTree = "<group>"; };
		A247EC552F572F8600DAB4FF /* Assets.xcassets */ = {isa = PBXFileReference; lastKnownFileType = folder.assetcatalog; path = Assets.xcassets; sourceTree = "<group>"; };
		A247EC582F572F8600DAB4FF /* Preview Assets.xcassets */ = {isa = PBXFileReference; lastKnownFileType = folder.assetcatalog; path = "Preview Assets.xcassets"; sourceTree = "<group>"; };
		A2AB095E2F84DB6400A858B1 /* TaskDetailView.swift */ = {isa = PBXFileReference; lastKnownFileType = sourcecode.swift; path = TaskDetailView.swift; sourceTree = "<group>"; };
/* End PBXFileReference section */

/* Begin PBXFrameworksBuildPhase section */
		A247EC4B2F572F8500DAB4FF /* Frameworks */ = {
			isa = PBXFrameworksBuildPhase;
			buildActionMask = 2147483647;
			files = (
			);
			runOnlyForDeploymentPostprocessing = 0;
		};
/* End PBXFrameworksBuildPhase section */

/* Begin PBXGroup section */
		A247EC452F572F8500DAB4FF = {
			isa = PBXGroup;
			children = (
				A247EC502F572F8500DAB4FF /* LockIn */,
				A20CE6062F5B3E0A00C3A9DD /* LockIn.app */,
			);
			sourceTree = "<group>";
		};
		A247EC502F572F8500DAB4FF /* LockIn */ = {
			isa = PBXGroup;
			children = (
				A20CE60B2F5B462500C3A9DD /* UIComponents.swift */,
				A247EC512F572F8500DAB4FF /* LockInApp.swift */,
				A247EC552F572F8600DAB4FF /* Assets.xcassets */,
				A247EC572F572F8600DAB4FF /* Preview Content */,
				A20CE5EC2F5B35B100C3A9DD /* PrivateOrganizerApp.swift */,
				A20CE5EE2F5B35B700C3A9DD /* Models.swift */,
				A20CE5F02F5B370B00C3A9DD /* MainTabView.swift */,
				A20CE6072F5B406200C3A9DD /* CalendarView.swift */,
				A20CE5F22F5B371200C3A9DD /* AppLockView.swift */,
				A20CE6092F5B45D700C3A9DD /* HomeView.swift */,
				A20CE5F42F5B3BEF00C3A9DD /* DashboardView.swift */,
				A20CE5F62F5B3C2000C3A9DD /* NewTaskView.swift */,
				A20CE5F82F5B3C3000C3A9DD /* PrivacyDashboardView.swift */,
				A20CE5FC2F5B3C5C00C3A9DD /* StorageView.swift */,
				A20CE5FE2F5B3C6C00C3A9DD /* TrackingView.swift */,
				A20CE6002F5B3C7B00C3A9DD /* PermissionsView.swift */,
				A20CE6022F5B3C9000C3A9DD /* ExportDataView.swift */,
				A20CE6042F5B3C9F00C3A9DD /* SettingsView.swift */,
				A2AB095E2F84DB6400A858B1 /* TaskDetailView.swift */,
			);
			path = LockIn;
			sourceTree = "<group>";
		};
		A247EC572F572F8600DAB4FF /* Preview Content */ = {
			isa = PBXGroup;
			children = (
				A247EC582F572F8600DAB4FF /* Preview Assets.xcassets */,
			);
			path = "Preview Content";
			sourceTree = "<group>";
		};
/* End PBXGroup section */

/* Begin PBXNativeTarget section */
		A247EC4D2F572F8500DAB4FF /* LockIn */ = {
			isa = PBXNativeTarget;
			buildConfigurationList = A247EC5C2F572F8600DAB4FF /* Build configuration list for PBXNativeTarget "LockIn" */;
			buildPhases = (
				A247EC4A2F572F8500DAB4FF /* Sources */,
				A247EC4B2F572F8500DAB4FF /* Frameworks */,
				A247EC4C2F572F8500DAB4FF /* Resources */,
			);
			buildRules = (
			);
			dependencies = (
			);
			name = LockIn;
			productName = LockIn;
			productReference = A20CE6062F5B3E0A00C3A9DD /* LockIn.app */;
			productType = "com.apple.product-type.application";
		};
/* End PBXNativeTarget section */

/* Begin PBXProject section */
		A247EC462F572F8500DAB4FF /* Project object */ = {
			isa = PBXProject;
			attributes = {
				BuildIndependentTargetsInParallel = 1;
				LastSwiftUpdateCheck = 1500;
				LastUpgradeCheck = 2630;
				TargetAttributes = {
					A247EC4D2F572F8500DAB4FF = {
						CreatedOnToolsVersion = 15.0.1;
					};
				};
			};
			buildConfigurationList = A247EC492F572F8500DAB4FF /* Build configuration list for PBXProject "LockIn" */;
			compatibilityVersion = "Xcode 14.0";
			developmentRegion = en;
			hasScannedForEncodings = 0;
			knownRegions = (
				en,
				Base,
			);
			mainGroup = A247EC452F572F8500DAB4FF;
			productRefGroup = A247EC452F572F8500DAB4FF;
			projectDirPath = "";
			projectRoot = "";
			targets = (
				A247EC4D2F572F8500DAB4FF /* LockIn */,
			);
		};
/* End PBXProject section */

/* Begin PBXResourcesBuildPhase section */
		A247EC4C2F572F8500DAB4FF /* Resources */ = {
			isa = PBXResourcesBuildPhase;
			buildActionMask = 2147483647;
			files = (
				A247EC592F572F8600DAB4FF /* Preview Assets.xcassets in Resources */,
				A247EC562F572F8600DAB4FF /* Assets.xcassets in Resources */,
			);
			runOnlyForDeploymentPostprocessing = 0;
		};
/* End PBXResourcesBuildPhase section */

/* Begin PBXSourcesBuildPhase section */
		A247EC4A2F572F8500DAB4FF /* Sources */ = {
			isa = PBXSourcesBuildPhase;
			buildActionMask = 2147483647;
			files = (
				A20CE6052F5B3CA000C3A9DD /* SettingsView.swift in Sources */,
				A20CE5F52F5B3BF900C3A9DD /* DashboardView.swift in Sources */,
				A20CE5F72F5B3C2600C3A9DD /* NewTaskView.swift in Sources */,
				A20CE5F32F5B371200C3A9DD /* AppLockView.swift in Sources */,
				A20CE5FD2F5B3C6300C3A9DD /* StorageView.swift in Sources */,
				A20CE6082F5B406700C3A9DD /* CalendarView.swift in Sources */,
				A20CE5ED2F5B35B100C3A9DD /* PrivateOrganizerApp.swift in Sources */,
				A20CE5FF2F5B3C7300C3A9DD /* TrackingView.swift in Sources */,
				A2AB095F2F84DB6400A858B1 /* TaskDetailView.swift in Sources */,
				A247EC522F572F8500DAB4FF /* LockInApp.swift in Sources */,
				A20CE60C2F5B462E00C3A9DD /* UIComponents.swift in Sources */,
				A20CE5EF2F5B35B700C3A9DD /* Models.swift in Sources */,
				A20CE6012F5B3C8300C3A9DD /* PermissionsView.swift in Sources */,
				A20CE5F92F5B3C3700C3A9DD /* PrivacyDashboardView.swift in Sources */,
				A20CE60A2F5B45DC00C3A9DD /* HomeView.swift in Sources */,
				A20CE6032F5B3C9100C3A9DD /* ExportDataView.swift in Sources */,
				A20CE5F12F5B370B00C3A9DD /* MainTabView.swift in Sources */,
			);
			runOnlyForDeploymentPostprocessing = 0;
		};
/* End PBXSourcesBuildPhase section */

/* Begin XCBuildConfiguration section */
		A247EC5A2F572F8600DAB4FF /* Debug */ = {
			isa = XCBuildConfiguration;
			buildSettings = {
				ALWAYS_SEARCH_USER_PATHS = NO;
				ASSETCATALOG_COMPILER_GENERATE_SWIFT_ASSET_SYMBOL_EXTENSIONS = YES;
				CLANG_ANALYZER_NONNULL = YES;
				CLANG_ANALYZER_NUMBER_OBJECT_CONVERSION = YES_AGGRESSIVE;
				CLANG_CXX_LANGUAGE_STANDARD = "gnu++20";
				CLANG_ENABLE_MODULES = YES;
				CLANG_ENABLE_OBJC_ARC = YES;
				CLANG_ENABLE_OBJC_WEAK = YES;
				CLANG_WARN_BLOCK_CAPTURE_AUTORELEASING = YES;
				CLANG_WARN_BOOL_CONVERSION = YES;
				CLANG_WARN_COMMA = YES;
				CLANG_WARN_CONSTANT_CONVERSION = YES;
				CLANG_WARN_DEPRECATED_OBJC_IMPLEMENTATIONS = YES;
				CLANG_WARN_DIRECT_OBJC_ISA_USAGE = YES_ERROR;
				CLANG_WARN_DOCUMENTATION_COMMENTS = YES;
				CLANG_WARN_EMPTY_BODY = YES;
				CLANG_WARN_ENUM_CONVERSION = YES;
				CLANG_WARN_INFINITE_RECURSION = YES;
				CLANG_WARN_INT_CONVERSION = YES;
				CLANG_WARN_NON_LITERAL_NULL_CONVERSION = YES;
				CLANG_WARN_OBJC_IMPLICIT_RETAIN_SELF = YES;
				CLANG_WARN_OBJC_LITERAL_CONVERSION = YES;
				CLANG_WARN_OBJC_ROOT_CLASS = YES_ERROR;
				CLANG_WARN_QUOTED_INCLUDE_IN_FRAMEWORK_HEADER = YES;
				CLANG_WARN_RANGE_LOOP_ANALYSIS = YES;
				CLANG_WARN_STRICT_PROTOTYPES = YES;
				CLANG_WARN_SUSPICIOUS_MOVE = YES;
				CLANG_WARN_UNGUARDED_AVAILABILITY = YES_AGGRESSIVE;
				CLANG_WARN_UNREACHABLE_CODE = YES;
				CLANG_WARN__DUPLICATE_METHOD_MATCH = YES;
				COPY_PHASE_STRIP = NO;
				DEBUG_INFORMATION_FORMAT = dwarf;
				DEVELOPMENT_TEAM = C82BWJ6PS8;
				ENABLE_STRICT_OBJC_MSGSEND = YES;
				ENABLE_TESTABILITY = YES;
				ENABLE_USER_SCRIPT_SANDBOXING = YES;
				GCC_C_LANGUAGE_STANDARD = gnu17;
				GCC_DYNAMIC_NO_PIC = NO;
				GCC_NO_COMMON_BLOCKS = YES;
				GCC_OPTIMIZATION_LEVEL = 0;
				GCC_PREPROCESSOR_DEFINITIONS = (
					"DEBUG=1",
					"$(inherited)",
				);
				GCC_WARN_64_TO_32_BIT_CONVERSION = YES;
				GCC_WARN_ABOUT_RETURN_TYPE = YES_ERROR;
				GCC_WARN_UNDECLARED_SELECTOR = YES;
				GCC_WARN_UNINITIALIZED_AUTOS = YES_AGGRESSIVE;
				GCC_WARN_UNUSED_FUNCTION = YES;
				GCC_WARN_UNUSED_VARIABLE = YES;
				IPHONEOS_DEPLOYMENT_TARGET = 17.0;
				LOCALIZATION_PREFERS_STRING_CATALOGS = YES;
				MTL_ENABLE_DEBUG_INFO = INCLUDE_SOURCE;
				MTL_FAST_MATH = YES;
				ONLY_ACTIVE_ARCH = YES;
				SDKROOT = iphoneos;
				STRING_CATALOG_GENERATE_SYMBOLS = YES;
				SWIFT_ACTIVE_COMPILATION_CONDITIONS = "DEBUG $(inherited)";
				SWIFT_OPTIMIZATION_LEVEL = "-Onone";
			};
			name = Debug;
		};
		A247EC5B2F572F8600DAB4FF /* Release */ = {
			isa = XCBuildConfiguration;
			buildSettings = {
				ALWAYS_SEARCH_USER_PATHS = NO;
				ASSETCATALOG_COMPILER_GENERATE_SWIFT_ASSET_SYMBOL_EXTENSIONS = YES;
				CLANG_ANALYZER_NONNULL = YES;
				CLANG_ANALYZER_NUMBER_OBJECT_CONVERSION = YES_AGGRESSIVE;
				CLANG_CXX_LANGUAGE_STANDARD = "gnu++20";
				CLANG_ENABLE_MODULES = YES;
				CLANG_ENABLE_OBJC_ARC = YES;
				CLANG_ENABLE_OBJC_WEAK = YES;
				CLANG_WARN_BLOCK_CAPTURE_AUTORELEASING = YES;
				CLANG_WARN_BOOL_CONVERSION = YES;
				CLANG_WARN_COMMA = YES;
				CLANG_WARN_CONSTANT_CONVERSION = YES;
				CLANG_WARN_DEPRECATED_OBJC_IMPLEMENTATIONS = YES;
				CLANG_WARN_DIRECT_OBJC_ISA_USAGE = YES_ERROR;
				CLANG_WARN_DOCUMENTATION_COMMENTS = YES;
				CLANG_WARN_EMPTY_BODY = YES;
				CLANG_WARN_ENUM_CONVERSION = YES;
				CLANG_WARN_INFINITE_RECURSION = YES;
				CLANG_WARN_INT_CONVERSION = YES;
				CLANG_WARN_NON_LITERAL_NULL_CONVERSION = YES;
				CLANG_WARN_OBJC_IMPLICIT_RETAIN_SELF = YES;
				CLANG_WARN_OBJC_LITERAL_CONVERSION = YES;
				CLANG_WARN_OBJC_ROOT_CLASS = YES_ERROR;
				CLANG_WARN_QUOTED_INCLUDE_IN_FRAMEWORK_HEADER = YES;
				CLANG_WARN_RANGE_LOOP_ANALYSIS = YES;
				CLANG_WARN_STRICT_PROTOTYPES = YES;
				CLANG_WARN_SUSPICIOUS_MOVE = YES;
				CLANG_WARN_UNGUARDED_AVAILABILITY = YES_AGGRESSIVE;
				CLANG_WARN_UNREACHABLE_CODE = YES;
				CLANG_WARN__DUPLICATE_METHOD_MATCH = YES;
				COPY_PHASE_STRIP = NO;
				DEBUG_INFORMATION_FORMAT = "dwarf-with-dsym";
				DEVELOPMENT_TEAM = C82BWJ6PS8;
				ENABLE_NS_ASSERTIONS = NO;
				ENABLE_STRICT_OBJC_MSGSEND = YES;
				ENABLE_USER_SCRIPT_SANDBOXING = YES;
				GCC_C_LANGUAGE_STANDARD = gnu17;
				GCC_NO_COMMON_BLOCKS = YES;
				GCC_WARN_64_TO_32_BIT_CONVERSION = YES;
				GCC_WARN_ABOUT_RETURN_TYPE = YES_ERROR;
				GCC_WARN_UNDECLARED_SELECTOR = YES;
				GCC_WARN_UNINITIALIZED_AUTOS = YES_AGGRESSIVE;
				GCC_WARN_UNUSED_FUNCTION = YES;
				GCC_WARN_UNUSED_VARIABLE = YES;
				IPHONEOS_DEPLOYMENT_TARGET = 17.0;
				LOCALIZATION_PREFERS_STRING_CATALOGS = YES;
				MTL_ENABLE_DEBUG_INFO = NO;
				MTL_FAST_MATH = YES;
				SDKROOT = iphoneos;
				STRING_CATALOG_GENERATE_SYMBOLS = YES;
				SWIFT_COMPILATION_MODE = wholemodule;
				VALIDATE_PRODUCT = YES;
			};
			name = Release;
		};
		A247EC5D2F572F8600DAB4FF /* Debug */ = {
			isa = XCBuildConfiguration;
			buildSettings = {
				ASSETCATALOG_COMPILER_APPICON_NAME = AppIcon;
				ASSETCATALOG_COMPILER_GLOBAL_ACCENT_COLOR_NAME = AccentColor;
				CODE_SIGN_STYLE = Automatic;
				CURRENT_PROJECT_VERSION = 1;
				DEVELOPMENT_ASSET_PATHS = "\"LockIn/Preview Content\"";
				ENABLE_PREVIEWS = YES;
				GENERATE_INFOPLIST_FILE = YES;
				INFOPLIST_KEY_UIApplicationSceneManifest_Generation = YES;
				INFOPLIST_KEY_UIApplicationSupportsIndirectInputEvents = YES;
				INFOPLIST_KEY_UILaunchScreen_Generation = YES;
				INFOPLIST_KEY_UISupportedInterfaceOrientations_iPad = "UIInterfaceOrientationPortrait UIInterfaceOrientationPortraitUpsideDown UIInterfaceOrientationLandscapeLeft UIInterfaceOrientationLandscapeRight";
				INFOPLIST_KEY_UISupportedInterfaceOrientations_iPhone = "UIInterfaceOrientationPortrait UIInterfaceOrientationLandscapeLeft UIInterfaceOrientationLandscapeRight";
				LD_RUNPATH_SEARCH_PATHS = (
					"$(inherited)",
					"@executable_path/Frameworks",
				);
				MARKETING_VERSION = 1.0;
				PRODUCT_BUNDLE_IDENTIFIER = "Progressive-Solution.LockIn";
				PRODUCT_NAME = "$(TARGET_NAME)";
				SWIFT_EMIT_LOC_STRINGS = YES;
				SWIFT_VERSION = 5.0;
				TARGETED_DEVICE_FAMILY = "1,2";
			};
			name = Debug;
		};
		A247EC5E2F572F8600DAB4FF /* Release */ = {
			isa = XCBuildConfiguration;
			buildSettings = {
				ASSETCATALOG_COMPILER_APPICON_NAME = AppIcon;
				ASSETCATALOG_COMPILER_GLOBAL_ACCENT_COLOR_NAME = AccentColor;
				CODE_SIGN_STYLE = Automatic;
				CURRENT_PROJECT_VERSION = 1;
				DEVELOPMENT_ASSET_PATHS = "\"LockIn/Preview Content\"";
				ENABLE_PREVIEWS = YES;
				GENERATE_INFOPLIST_FILE = YES;
				INFOPLIST_KEY_UIApplicationSceneManifest_Generation = YES;
				INFOPLIST_KEY_UIApplicationSupportsIndirectInputEvents = YES;
				INFOPLIST_KEY_UILaunchScreen_Generation = YES;
				INFOPLIST_KEY_UISupportedInterfaceOrientations_iPad = "UIInterfaceOrientationPortrait UIInterfaceOrientationPortraitUpsideDown UIInterfaceOrientationLandscapeLeft UIInterfaceOrientationLandscapeRight";
				INFOPLIST_KEY_UISupportedInterfaceOrientations_iPhone = "UIInterfaceOrientationPortrait UIInterfaceOrientationLandscapeLeft UIInterfaceOrientationLandscapeRight";
				LD_RUNPATH_SEARCH_PATHS = (
					"$(inherited)",
					"@executable_path/Frameworks",
				);
				MARKETING_VERSION = 1.0;
				PRODUCT_BUNDLE_IDENTIFIER = "Progressive-Solution.LockIn";
				PRODUCT_NAME = "$(TARGET_NAME)";
				SWIFT_EMIT_LOC_STRINGS = YES;
				SWIFT_VERSION = 5.0;
				TARGETED_DEVICE_FAMILY = "1,2";
			};
			name = Release;
		};
/* End XCBuildConfiguration section */

/* Begin XCConfigurationList section */
		A247EC492F572F8500DAB4FF /* Build configuration list for PBXProject "LockIn" */ = {
			isa = XCConfigurationList;
			buildConfigurations = (
				A247EC5A2F572F8600DAB4FF /* Debug */,
				A247EC5B2F572F8600DAB4FF /* Release */,
			);
			defaultConfigurationIsVisible = 0;
			defaultConfigurationName = Release;
		};
		A247EC5C2F572F8600DAB4FF /* Build configuration list for PBXNativeTarget "LockIn" */ = {
			isa = XCConfigurationList;
			buildConfigurations = (
				A247EC5D2F572F8600DAB4FF /* Debug */,
				A247EC5E2F572F8600DAB4FF /* Release */,
			);
			defaultConfigurationIsVisible = 0;
			defaultConfigurationName = Release;
		};
/* End XCConfigurationList section */
	};
	rootObject = A247EC462F572F8500DAB4FF /* Project object */;
}
